github.com/amonvix/dog v0.0.0-20251124002731-f8477fcc6195 h1:VBUDjHdRr1lZ/jDq4sxiLbon/yELil58N+NQqDd60hA=
github.com/amonvix/dog v0.0.0-20251124002731-f8477fcc6195/go.mod h1:OGuDqOBdlVarpYbofghRu0nldE7YnYUjb+whqKzL+5A=
github.com/amonvix/dogao v1.0.1-0.20251126232327-5d9fe1cfe868 h1:Dam+GzGSPgXYt7vqChMgTgu2QZqRGmASNpXtNCo2QJI=
github.com/amonvix/dogao v1.0.1-0.20251126232327-5d9fe1cfe868/go.mod h1:+nKlSaC4vatOdBzyDAOHbMckiKNb5gcO/thhVd4/O/U=
