github.com/amonvix/dog v0.0.0-20251124002731-f8477fcc6195 h1:VBUDjHdRr1lZ/jDq4sxiLbon/yELil58N+NQqDd60hA=
github.com/amonvix/dog v0.0.0-20251124002731-f8477fcc6195/go.mod h1:OGuDqOBdlVarpYbofghRu0nldE7YnYUjb+whqKzL+5A=
github.com/amonvix/dogao v1.4.0 h1:6822AfDoC/TYJxoLY4IP3lVmKgVeBe91eh9s3RWKy1M=
github.com/amonvix/dogao v1.4.0/go.mod h1:+nKlSaC4vatOdBzyDAOHbMckiKNb5gcO/thhVd4/O/U=
